
Microsoft Visual Studio Solution File, Format Version 12.00
# Visual Studio Version 17
VisualStudioVersion = 17.13.35913.81 d17.13
MinimumVisualStudioVersion = 10.0.40219.1
Project("{FAE04EC0-301F-11D3-BF4B-00C04F79EFBC}") = "minecraft", "minecraft.csproj", "{7A1E846C-774E-4F0C-B0F1-51C0B3BB8652}"
EndProject
Global
	GlobalSection(SolutionConfigurationPlatforms) = preSolution
		Debug|Any CPU = Debug|Any CPU
		Release|Any CPU = Release|Any CPU
	EndGlobalSection
	GlobalSection(ProjectConfigurationPlatforms) = postSolution
		{7A1E846C-774E-4F0C-B0F1-51C0B3BB8652}.Debug|Any CPU.ActiveCfg = Debug|Any CPU
		{7A1E846C-774E-4F0C-B0F1-51C0B3BB8652}.Debug|Any CPU.Build.0 = Debug|Any CPU
		{7A1E846C-774E-4F0C-B0F1-51C0B3BB8652}.Release|Any CPU.ActiveCfg = Release|Any CPU
		{7A1E846C-774E-4F0C-B0F1-51C0B3BB8652}.Release|Any CPU.Build.0 = Release|Any CPU
	EndGlobalSection
	GlobalSection(SolutionProperties) = preSolution
		HideSolutionNode = FALSE
	EndGlobalSection
	GlobalSection(ExtensibilityGlobals) = postSolution
		SolutionGuid = {7000D54F-E8B3-4181-98D0-1CB2448EC073}
	EndGlobalSection
EndGlobal
